{
  "name": "amplitude-js",
  "version": "3.4.0",
  "dependencies": {
    "blueimp-md5": {
      "version": "2.6.0",
      "from": "blueimp-md5@2.6.0",
      "resolved": "https://registry.npmjs.org/blueimp-md5/-/blueimp-md5-2.6.0.tgz"
    },
    "object-component": {
      "version": "0.0.3",
      "from": "object-component@0.0.3",
      "resolved": "https://registry.npmjs.org/object-component/-/object-component-0.0.3.tgz"
    },
    "querystring": {
      "version": "0.2.0",
      "from": "querystring@0.2.0",
      "resolved": "https://registry.npmjs.org/querystring/-/querystring-0.2.0.tgz"
    },
    "top-domain": {
      "version": "0.0.6",
      "from": "top-domain@0.0.6",
      "resolved": "https://registry.npmjs.org/top-domain/-/top-domain-0.0.6.tgz"
    },
    "ua-parser-js": {
      "version": "0.7.10",
      "from": "amplitude/ua-parser-js#ed538f1",
      "resolved": "git://github.com/amplitude/ua-parser-js.git#ed538f16f5c6ecd8357da989b617d4f156dcf35d"
    }
  }
}
